PODS:
  - AZDropdownMenu (1.1.2)
  - ExpandingMenu (0.3.1)

DEPENDENCIES:
  - AZDropdownMenu
  - ExpandingMenu

SPEC CHECKSUMS:
  AZDropdownMenu: 411c1b445fd29bb1e56b219131aaf294ba21b9b6
  ExpandingMenu: 107548f3cb8c04b28a8b6b436983f506849484cc

PODFILE CHECKSUM: df70e5b95d7135c5c66665d53278672314201cfa

COCOAPODS: 1.2.1
